// !$*UTF8*$!
{
	archiveVersion = 1;
	classes = {
	};
	objectVersion = 50;
	objects = {

/* Begin PBXBuildFile section */
		221A1D7720E52CA4000F1464 /* SecondViewController.swift in Sources */ = {isa = PBXBuildFile; fileRef = 221A1D7620E52CA4000F1464 /* SecondViewController.swift */; };
		22F8BB2D20E4BB08000B8184 /* AppDelegate.swift in Sources */ = {isa = PBXBuildFile; fileRef = 22F8BB2C20E4BB08000B8184 /* AppDelegate.swift */; };
		22F8BB2F20E4BB08000B8184 /* ViewController.swift in Sources */ = {isa = PBXBuildFile; fileRef = 22F8BB2E20E4BB08000B8184 /* ViewController.swift */; };
		22F8BB3220E4BB08000B8184 /* Main.storyboard in Resources */ = {isa = PBXBuildFile; fileRef = 22F8BB3020E4BB08000B8184 /* Main.storyboard */; };
		22F8BB3420E4BB09000B8184 /* Assets.xcassets in Resources */ = {isa = PBXBuildFile; fileRef = 22F8BB3320E4BB09000B8184 /* Assets.xcassets */; };
		22F8BB3720E4BB09000B8184 /* LaunchScreen.storyboard in Resources */ = {isa = PBXBuildFile; fileRef = 22F8BB3520E4BB09000B8184 /* LaunchScreen.storyboard */; };
		22F8BB4220E4BB09000B8184 /* FinalToDoTests.swift in Sources */ = {isa = PBXBuildFile; fileRef = 22F8BB4120E4BB09000B8184 /* FinalToDoTests.swift */; };
		22F8BB4D20E4BB09000B8184 /* FinalToDoUITests.swift in Sources */ = {isa = PBXBuildFile; fileRef = 22F8BB4C20E4BB09000B8184 /* FinalToDoUITests.swift */; };
/* End PBXBuildFile section */

/* Begin PBXContainerItemProxy section */
		22F8BB3E20E4BB09000B8184 /* PBXContainerItemProxy */ = {
			isa = PBXContainerItemProxy;
			containerPortal = 22F8BB2120E4BB08000B8184 /* Project object */;
			proxyType = 1;
			remoteGlobalIDString = 22F8BB2820E4BB08000B8184;
			remoteInfo = FinalToDo;
		};
		22F8BB4920E4BB09000B8184 /* PBXContainerItemProxy */ = {
			isa = PBXContainerItemProxy;
			containerPortal = 22F8BB2120E4BB08000B8184 /* Project object */;
			proxyType = 1;
			remoteGlobalIDString = 22F8BB2820E4BB08000B8184;
			remoteInfo = FinalToDo;
		};
/* End PBXContainerItemProxy section */

/* Begin PBXFileReference section */
		221A1D7620E52CA4000F1464 /* SecondViewController.swift */ = {isa = PBXFileReference; lastKnownFileType = sourcecode.swift; path = SecondViewController.swift; sourceTree = "<group>"; };
		22F8BB2920E4BB08000B8184 /* FinalToDo.app */ = {isa = PBXFileReference; explicitFileType = wrapper.application; includeInIndex = 0; path = FinalToDo.app; sourceTree = BUILT_PRODUCTS_DIR; };
		22F8BB2C20E4BB08000B8184 /* AppDelegate.swift */ = {isa = PBXFileReference; lastKnownFileType = sourcecode.swift; path = AppDelegate.swift; sourceTree = "<group>"; };
		22F8BB2E20E4BB08000B8184 /* ViewController.swift */ = {isa = PBXFileReference; lastKnownFileType = sourcecode.swift; path = ViewController.swift; sourceTree = "<group>"; };
		22F8BB3120E4BB08000B8184 /* Base */ = {isa = PBXFileReference; lastKnownFileType = file.storyboard; name = Base; path = Base.lproj/Main.storyboard; sourceTree = "<group>"; };
		22F8BB3320E4BB09000B8184 /* Assets.xcassets */ = {isa = PBXFileReference; lastKnownFileType = folder.assetcatalog; path = Assets.xcassets; sourceTree = "<group>"; };
		22F8BB3620E4BB09000B8184 /* Base */ = {isa = PBXFileReference; lastKnownFileType = file.storyboard; name = Base; path = Base.lproj/LaunchScreen.storyboard; sourceTree = "<group>"; };
		22F8BB3820E4BB09000B8184 /* Info.plist */ = {isa = PBXFileReference; lastKnownFileType = text.plist.xml; path = Info.plist; sourceTree = "<group>"; };
		22F8BB3D20E4BB09000B8184 /* FinalToDoTests.xctest */ = {isa = PBXFileReference; explicitFileType = wrapper.cfbundle; includeInIndex = 0; path = FinalToDoTests.xctest; sourceTree = BUILT_PRODUCTS_DIR; };
		22F8BB4120E4BB09000B8184 /* FinalToDoTests.swift */ = {isa = PBXFileReference; lastKnownFileType = sourcecode.swift; path = FinalToDoTests.swift; sourceTree = "<group>"; };
		22F8BB4320E4BB09000B8184 /* Info.plist */ = {isa = PBXFileReference; lastKnownFileType = text.plist.xml; path = Info.plist; sourceTree = "<group>"; };
		22F8BB4820E4BB09000B8184 /* FinalToDoUITests.xctest */ = {isa = PBXFileReference; explicitFileType = wrapper.cfbundle; includeInIndex = 0; path = FinalToDoUITests.xctest; sourceTree = BUILT_PRODUCTS_DIR; };
		22F8BB4C20E4BB09000B8184 /* FinalToDoUITests.swift */ = {isa = PBXFileReference; lastKnownFileType = sourcecode.swift; path = FinalToDoUITests.swift; sourceTree = "<group>"; };
		22F8BB4E20E4BB09000B8184 /* Info.plist */ = {isa = PBXFileReference; lastKnownFileType = text.plist.xml; path = Info.plist; sourceTree = "<group>"; };
/* End PBXFileReference section */

/* Begin PBXFrameworksBuildPhase section */
		22F8BB2620E4BB08000B8184 /* Frameworks */ = {
			isa = PBXFrameworksBuildPhase;
			buildActionMask = 2147483647;
			files = (
			);
			runOnlyForDeploymentPostprocessing = 0;
		};
		22F8BB3A20E4BB09000B8184 /* Frameworks */ = {
			isa = PBXFrameworksBuildPhase;
			buildActionMask = 2147483647;
			files = (
			);
			runOnlyForDeploymentPostprocessing = 0;
		};
		22F8BB4520E4BB09000B8184 /* Frameworks */ = {
			isa = PBXFrameworksBuildPhase;
			buildActionMask = 2147483647;
			files = (
			);
			runOnlyForDeploymentPostprocessing = 0;
		};
/* End PBXFrameworksBuildPhase section */

/* Begin PBXGroup section */
		22F8BB2020E4BB08000B8184 = {
			isa = PBXGroup;
			children = (
				22F8BB2B20E4BB08000B8184 /* FinalToDo */,
				22F8BB4020E4BB09000B8184 /* FinalToDoTests */,
				22F8BB4B20E4BB09000B8184 /* FinalToDoUITests */,
				22F8BB2A20E4BB08000B8184 /* Products */,
			);
			sourceTree = "<group>";
		};
		22F8BB2A20E4BB08000B8184 /* Products */ = {
			isa = PBXGroup;
			children = (
				22F8BB2920E4BB08000B8184 /* FinalToDo.app */,
				22F8BB3D20E4BB09000B8184 /* FinalToDoTests.xctest */,
				22F8BB4820E4BB09000B8184 /* FinalToDoUITests.xctest */,
			);
			name = Products;
			sourceTree = "<group>";
		};
		22F8BB2B20E4BB08000B8184 /* FinalToDo */ = {
			isa = PBXGroup;
			children = (
				22F8BB2C20E4BB08000B8184 /* AppDelegate.swift */,
				22F8BB2E20E4BB08000B8184 /* ViewController.swift */,
				22F8BB3020E4BB08000B8184 /* Main.storyboard */,
				22F8BB3320E4BB09000B8184 /* Assets.xcassets */,
				22F8BB3520E4BB09000B8184 /* LaunchScreen.storyboard */,
				22F8BB3820E4BB09000B8184 /* Info.plist */,
				221A1D7620E52CA4000F1464 /* SecondViewController.swift */,
			);
			path = FinalToDo;
			sourceTree = "<group>";
		};
		22F8BB4020E4BB09000B8184 /* FinalToDoTests */ = {
			isa = PBXGroup;
			children = (
				22F8BB4120E4BB09000B8184 /* FinalToDoTests.swift */,
				22F8BB4320E4BB09000B8184 /* Info.plist */,
			);
			path = FinalToDoTests;
			sourceTree = "<group>";
		};
		22F8BB4B20E4BB09000B8184 /* FinalToDoUITests */ = {
			isa = PBXGroup;
			children = (
				22F8BB4C20E4BB09000B8184 /* FinalToDoUITests.swift */,
				22F8BB4E20E4BB09000B8184 /* Info.plist */,
			);
			path = FinalToDoUITests;
			sourceTree = "<group>";
		};
/* End PBXGroup section */

/* Begin PBXNativeTarget section */
		22F8BB2820E4BB08000B8184 /* FinalToDo */ = {
			isa = PBXNativeTarget;
			buildConfigurationList = 22F8BB5120E4BB09000B8184 /* Build configuration list for PBXNativeTarget "FinalToDo" */;
			buildPhases = (
				22F8BB2520E4BB08000B8184 /* Sources */,
				22F8BB2620E4BB08000B8184 /* Frameworks */,
				22F8BB2720E4BB08000B8184 /* Resources */,
			);
			buildRules = (
			);
			dependencies = (
			);
			name = FinalToDo;
			productName = FinalToDo;
			productReference = 22F8BB2920E4BB08000B8184 /* FinalToDo.app */;
			productType = "com.apple.product-type.application";
		};
		22F8BB3C20E4BB09000B8184 /* FinalToDoTests */ = {
			isa = PBXNativeTarget;
			buildConfigurationList = 22F8BB5420E4BB09000B8184 /* Build configuration list for PBXNativeTarget "FinalToDoTests" */;
			buildPhases = (
				22F8BB3920E4BB09000B8184 /* Sources */,
				22F8BB3A20E4BB09000B8184 /* Frameworks */,
				22F8BB3B20E4BB09000B8184 /* Resources */,
			);
			buildRules = (
			);
			dependencies = (
				22F8BB3F20E4BB09000B8184 /* PBXTargetDependency */,
			);
			name = FinalToDoTests;
			productName = FinalToDoTests;
			productReference = 22F8BB3D20E4BB09000B8184 /* FinalToDoTests.xctest */;
			productType = "com.apple.product-type.bundle.unit-test";
		};
		22F8BB4720E4BB09000B8184 /* FinalToDoUITests */ = {
			isa = PBXNativeTarget;
			buildConfigurationList = 22F8BB5720E4BB09000B8184 /* Build configuration list for PBXNativeTarget "FinalToDoUITests" */;
			buildPhases = (
				22F8BB4420E4BB09000B8184 /* Sources */,
				22F8BB4520E4BB09000B8184 /* Frameworks */,
				22F8BB4620E4BB09000B8184 /* Resources */,
			);
			buildRules = (
			);
			dependencies = (
				22F8BB4A20E4BB09000B8184 /* PBXTargetDependency */,
			);
			name = FinalToDoUITests;
			productName = FinalToDoUITests;
			productReference = 22F8BB4820E4BB09000B8184 /* FinalToDoUITests.xctest */;
			productType = "com.apple.product-type.bundle.ui-testing";
		};
/* End PBXNativeTarget section */

/* Begin PBXProject section */
		22F8BB2120E4BB08000B8184 /* Project object */ = {
			isa = PBXProject;
			attributes = {
				LastSwiftUpdateCheck = 0940;
				LastUpgradeCheck = 0940;
				ORGANIZATIONNAME = " Тима";
				TargetAttributes = {
					22F8BB2820E4BB08000B8184 = {
						CreatedOnToolsVersion = 9.4.1;
					};
					22F8BB3C20E4BB09000B8184 = {
						CreatedOnToolsVersion = 9.4.1;
						TestTargetID = 22F8BB2820E4BB08000B8184;
					};
					22F8BB4720E4BB09000B8184 = {
						CreatedOnToolsVersion = 9.4.1;
						TestTargetID = 22F8BB2820E4BB08000B8184;
					};
				};
			};
			buildConfigurationList = 22F8BB2420E4BB08000B8184 /* Build configuration list for PBXProject "FinalToDo" */;
			compatibilityVersion = "Xcode 9.3";
			developmentRegion = en;
			hasScannedForEncodings = 0;
			knownRegions = (
				en,
				Base,
			);
			mainGroup = 22F8BB2020E4BB08000B8184;
			productRefGroup = 22F8BB2A20E4BB08000B8184 /* Products */;
			projectDirPath = "";
			projectRoot = "";
			targets = (
				22F8BB2820E4BB08000B8184 /* FinalToDo */,
				22F8BB3C20E4BB09000B8184 /* FinalToDoTests */,
				22F8BB4720E4BB09000B8184 /* FinalToDoUITests */,
			);
		};
/* End PBXProject section */

/* Begin PBXResourcesBuildPhase section */
		22F8BB2720E4BB08000B8184 /* Resources */ = {
			isa = PBXResourcesBuildPhase;
			buildActionMask = 2147483647;
			files = (
				22F8BB3720E4BB09000B8184 /* LaunchScreen.storyboard in Resources */,
				22F8BB3420E4BB09000B8184 /* Assets.xcassets in Resources */,
				22F8BB3220E4BB08000B8184 /* Main.storyboard in Resources */,
			);
			runOnlyForDeploymentPostprocessing = 0;
		};
		22F8BB3B20E4BB09000B8184 /* Resources */ = {
			isa = PBXResourcesBuildPhase;
			buildActionMask = 2147483647;
			files = (
			);
			runOnlyForDeploymentPostprocessing = 0;
		};
		22F8BB4620E4BB09000B8184 /* Resources */ = {
			isa = PBXResourcesBuildPhase;
			buildActionMask = 2147483647;
			files = (
			);
			runOnlyForDeploymentPostprocessing = 0;
		};
/* End PBXResourcesBuildPhase section */

/* Begin PBXSourcesBuildPhase section */
		22F8BB2520E4BB08000B8184 /* Sources */ = {
			isa = PBXSourcesBuildPhase;
			buildActionMask = 2147483647;
			files = (
				221A1D7720E52CA4000F1464 /* SecondViewController.swift in Sources */,
				22F8BB2F20E4BB08000B8184 /* ViewController.swift in Sources */,
				22F8BB2D20E4BB08000B8184 /* AppDelegate.swift in Sources */,
			);
			runOnlyForDeploymentPostprocessing = 0;
		};
		22F8BB3920E4BB09000B8184 /* Sources */ = {
			isa = PBXSourcesBuildPhase;
			buildActionMask = 2147483647;
			files = (
				22F8BB4220E4BB09000B8184 /* FinalToDoTests.swift in Sources */,
			);
			runOnlyForDeploymentPostprocessing = 0;
		};
		22F8BB4420E4BB09000B8184 /* Sources */ = {
			isa = PBXSourcesBuildPhase;
			buildActionMask = 2147483647;
			files = (
				22F8BB4D20E4BB09000B8184 /* FinalToDoUITests.swift in Sources */,
			);
			runOnlyForDeploymentPostprocessing = 0;
		};
/* End PBXSourcesBuildPhase section */

/* Begin PBXTargetDependency section */
		22F8BB3F20E4BB09000B8184 /* PBXTargetDependency */ = {
			isa = PBXTargetDependency;
			target = 22F8BB2820E4BB08000B8184 /* FinalToDo */;
			targetProxy = 22F8BB3E20E4BB09000B8184 /* PBXContainerItemProxy */;
		};
		22F8BB4A20E4BB09000B8184 /* PBXTargetDependency */ = {
			isa = PBXTargetDependency;
			target = 22F8BB2820E4BB08000B8184 /* FinalToDo */;
			targetProxy = 22F8BB4920E4BB09000B8184 /* PBXContainerItemProxy */;
		};
/* End PBXTargetDependency section */

/* Begin PBXVariantGroup section */
		22F8BB3020E4BB08000B8184 /* Main.storyboard */ = {
			isa = PBXVariantGroup;
			children = (
				22F8BB3120E4BB08000B8184 /* Base */,
			);
			name = Main.storyboard;
			sourceTree = "<group>";
		};
		22F8BB3520E4BB09000B8184 /* LaunchScreen.storyboard */ = {
			isa = PBXVariantGroup;
			children = (
				22F8BB3620E4BB09000B8184 /* Base */,
			);
			name = LaunchScreen.storyboard;
			sourceTree = "<group>";
		};
/* End PBXVariantGroup section */

/* Begin XCBuildConfiguration section */
		22F8BB4F20E4BB09000B8184 /* Debug */ = {
			isa = XCBuildConfiguration;
			buildSettings = {
				ALWAYS_SEARCH_USER_PATHS = NO;
				CLANG_ANALYZER_NONNULL = YES;
				CLANG_ANALYZER_NUMBER_OBJECT_CONVERSION = YES_AGGRESSIVE;
				CLANG_CXX_LANGUAGE_STANDARD = "gnu++14";
				CLANG_CXX_LIBRARY = "libc++";
				CLANG_ENABLE_MODULES = YES;
				CLANG_ENABLE_OBJC_ARC = YES;
				CLANG_ENABLE_OBJC_WEAK = YES;
				CLANG_WARN_BLOCK_CAPTURE_AUTORELEASING = YES;
				CLANG_WARN_BOOL_CONVERSION = YES;
				CLANG_WARN_COMMA = YES;
				CLANG_WARN_CONSTANT_CONVERSION = YES;
				CLANG_WARN_DEPRECATED_OBJC_IMPLEMENTATIONS = YES;
				CLANG_WARN_DIRECT_OBJC_ISA_USAGE = YES_ERROR;
				CLANG_WARN_DOCUMENTATION_COMMENTS = YES;
				CLANG_WARN_EMPTY_BODY = YES;
				CLANG_WARN_ENUM_CONVERSION = YES;
				CLANG_WARN_INFINITE_RECURSION = YES;
				CLANG_WARN_INT_CONVERSION = YES;
				CLANG_WARN_NON_LITERAL_NULL_CONVERSION = YES;
				CLANG_WARN_OBJC_IMPLICIT_RETAIN_SELF = YES;
				CLANG_WARN_OBJC_LITERAL_CONVERSION = YES;
				CLANG_WARN_OBJC_ROOT_CLASS = YES_ERROR;
				CLANG_WARN_RANGE_LOOP_ANALYSIS = YES;
				CLANG_WARN_STRICT_PROTOTYPES = YES;
				CLANG_WARN_SUSPICIOUS_MOVE = YES;
				CLANG_WARN_UNGUARDED_AVAILABILITY = YES_AGGRESSIVE;
				CLANG_WARN_UNREACHABLE_CODE = YES;
				CLANG_WARN__DUPLICATE_METHOD_MATCH = YES;
				CODE_SIGN_IDENTITY = "iPhone Developer";
				COPY_PHASE_STRIP = NO;
				DEBUG_INFORMATION_FORMAT = dwarf;
				ENABLE_STRICT_OBJC_MSGSEND = YES;
				ENABLE_TESTABILITY = YES;
				GCC_C_LANGUAGE_STANDARD = gnu11;
				GCC_DYNAMIC_NO_PIC = NO;
				GCC_NO_COMMON_BLOCKS = YES;
				GCC_OPTIMIZATION_LEVEL = 0;
				GCC_PREPROCESSOR_DEFINITIONS = (
					"DEBUG=1",
					"$(inherited)",
				);
				GCC_WARN_64_TO_32_BIT_CONVERSION = YES;
				GCC_WARN_ABOUT_RETURN_TYPE = YES_ERROR;
				GCC_WARN_UNDECLARED_SELECTOR = YES;
				GCC_WARN_UNINITIALIZED_AUTOS = YES_AGGRESSIVE;
				GCC_WARN_UNUSED_FUNCTION = YES;
				GCC_WARN_UNUSED_VARIABLE = YES;
				IPHONEOS_DEPLOYMENT_TARGET = 11.4;
				MTL_ENABLE_DEBUG_INFO = YES;
				ONLY_ACTIVE_ARCH = YES;
				SDKROOT = iphoneos;
				SWIFT_ACTIVE_COMPILATION_CONDITIONS = DEBUG;
				SWIFT_OPTIMIZATION_LEVEL = "-Onone";
			};
			name = Debug;
		};
		22F8BB5020E4BB09000B8184 /* Release */ = {
			isa = XCBuildConfiguration;
			buildSettings = {
				ALWAYS_SEARCH_USER_PATHS = NO;
				CLANG_ANALYZER_NONNULL = YES;
				CLANG_ANALYZER_NUMBER_OBJECT_CONVERSION = YES_AGGRESSIVE;
				CLANG_CXX_LANGUAGE_STANDARD = "gnu++14";
				CLANG_CXX_LIBRARY = "libc++";
				CLANG_ENABLE_MODULES = YES;
				CLANG_ENABLE_OBJC_ARC = YES;
				CLANG_ENABLE_OBJC_WEAK = YES;
				CLANG_WARN_BLOCK_CAPTURE_AUTORELEASING = YES;
				CLANG_WARN_BOOL_CONVERSION = YES;
				CLANG_WARN_COMMA = YES;
				CLANG_WARN_CONSTANT_CONVERSION = YES;
				CLANG_WARN_DEPRECATED_OBJC_IMPLEMENTATIONS = YES;
				CLANG_WARN_DIRECT_OBJC_ISA_USAGE = YES_ERROR;
				CLANG_WARN_DOCUMENTATION_COMMENTS = YES;
				CLANG_WARN_EMPTY_BODY = YES;
				CLANG_WARN_ENUM_CONVERSION = YES;
				CLANG_WARN_INFINITE_RECURSION = YES;
				CLANG_WARN_INT_CONVERSION = YES;
				CLANG_WARN_NON_LITERAL_NULL_CONVERSION = YES;
				CLANG_WARN_OBJC_IMPLICIT_RETAIN_SELF = YES;
				CLANG_WARN_OBJC_LITERAL_CONVERSION = YES;
				CLANG_WARN_OBJC_ROOT_CLASS = YES_ERROR;
				CLANG_WARN_RANGE_LOOP_ANALYSIS = YES;
				CLANG_WARN_STRICT_PROTOTYPES = YES;
				CLANG_WARN_SUSPICIOUS_MOVE = YES;
				CLANG_WARN_UNGUARDED_AVAILABILITY = YES_AGGRESSIVE;
				CLANG_WARN_UNREACHABLE_CODE = YES;
				CLANG_WARN__DUPLICATE_METHOD_MATCH = YES;
				CODE_SIGN_IDENTITY = "iPhone Developer";
				COPY_PHASE_STRIP = NO;
				DEBUG_INFORMATION_FORMAT = "dwarf-with-dsym";
				ENABLE_NS_ASSERTIONS = NO;
				ENABLE_STRICT_OBJC_MSGSEND = YES;
				GCC_C_LANGUAGE_STANDARD = gnu11;
				GCC_NO_COMMON_BLOCKS = YES;
				GCC_WARN_64_TO_32_BIT_CONVERSION = YES;
				GCC_WARN_ABOUT_RETURN_TYPE = YES_ERROR;
				GCC_WARN_UNDECLARED_SELECTOR = YES;
				GCC_WARN_UNINITIALIZED_AUTOS = YES_AGGRESSIVE;
				GCC_WARN_UNUSED_FUNCTION = YES;
				GCC_WARN_UNUSED_VARIABLE = YES;
				IPHONEOS_DEPLOYMENT_TARGET = 11.4;
				MTL_ENABLE_DEBUG_INFO = NO;
				SDKROOT = iphoneos;
				SWIFT_COMPILATION_MODE = wholemodule;
				SWIFT_OPTIMIZATION_LEVEL = "-O";
				VALIDATE_PRODUCT = YES;
			};
			name = Release;
		};
		22F8BB5220E4BB09000B8184 /* Debug */ = {
			isa = XCBuildConfiguration;
			buildSettings = {
				ASSETCATALOG_COMPILER_APPICON_NAME = AppIcon;
				CODE_SIGN_STYLE = Automatic;
				INFOPLIST_FILE = FinalToDo/Info.plist;
				LD_RUNPATH_SEARCH_PATHS = (
					"$(inherited)",
					"@executable_path/Frameworks",
				);
				PRODUCT_BUNDLE_IDENTIFIER = "-.FinalToDo";
				PRODUCT_NAME = "$(TARGET_NAME)";
				SWIFT_VERSION = 4.0;
				TARGETED_DEVICE_FAMILY = "1,2";
			};
			name = Debug;
		};
		22F8BB5320E4BB09000B8184 /* Release */ = {
			isa = XCBuildConfiguration;
			buildSettings = {
				ASSETCATALOG_COMPILER_APPICON_NAME = AppIcon;
				CODE_SIGN_STYLE = Automatic;
				INFOPLIST_FILE = FinalToDo/Info.plist;
				LD_RUNPATH_SEARCH_PATHS = (
					"$(inherited)",
					"@executable_path/Frameworks",
				);
				PRODUCT_BUNDLE_IDENTIFIER = "-.FinalToDo";
				PRODUCT_NAME = "$(TARGET_NAME)";
				SWIFT_VERSION = 4.0;
				TARGETED_DEVICE_FAMILY = "1,2";
			};
			name = Release;
		};
		22F8BB5520E4BB09000B8184 /* Debug */ = {
			isa = XCBuildConfiguration;
			buildSettings = {
				ALWAYS_EMBED_SWIFT_STANDARD_LIBRARIES = YES;
				BUNDLE_LOADER = "$(TEST_HOST)";
				CODE_SIGN_STYLE = Automatic;
				INFOPLIST_FILE = FinalToDoTests/Info.plist;
				LD_RUNPATH_SEARCH_PATHS = (
					"$(inherited)",
					"@executable_path/Frameworks",
					"@loader_path/Frameworks",
				);
				PRODUCT_BUNDLE_IDENTIFIER = "-.FinalToDoTests";
				PRODUCT_NAME = "$(TARGET_NAME)";
				SWIFT_VERSION = 4.0;
				TARGETED_DEVICE_FAMILY = "1,2";
				TEST_HOST = "$(BUILT_PRODUCTS_DIR)/FinalToDo.app/FinalToDo";
			};
			name = Debug;
		};
		22F8BB5620E4BB09000B8184 /* Release */ = {
			isa = XCBuildConfiguration;
			buildSettings = {
				ALWAYS_EMBED_SWIFT_STANDARD_LIBRARIES = YES;
				BUNDLE_LOADER = "$(TEST_HOST)";
				CODE_SIGN_STYLE = Automatic;
				INFOPLIST_FILE = FinalToDoTests/Info.plist;
				LD_RUNPATH_SEARCH_PATHS = (
					"$(inherited)",
					"@executable_path/Frameworks",
					"@loader_path/Frameworks",
				);
				PRODUCT_BUNDLE_IDENTIFIER = "-.FinalToDoTests";
				PRODUCT_NAME = "$(TARGET_NAME)";
				SWIFT_VERSION = 4.0;
				TARGETED_DEVICE_FAMILY = "1,2";
				TEST_HOST = "$(BUILT_PRODUCTS_DIR)/FinalToDo.app/FinalToDo";
			};
			name = Release;
		};
		22F8BB5820E4BB09000B8184 /* Debug */ = {
			isa = XCBuildConfiguration;
			buildSettings = {
				ALWAYS_EMBED_SWIFT_STANDARD_LIBRARIES = YES;
				CODE_SIGN_STYLE = Automatic;
				INFOPLIST_FILE = FinalToDoUITests/Info.plist;
				LD_RUNPATH_SEARCH_PATHS = (
					"$(inherited)",
					"@executable_path/Frameworks",
					"@loader_path/Frameworks",
				);
				PRODUCT_BUNDLE_IDENTIFIER = "-.FinalToDoUITests";
				PRODUCT_NAME = "$(TARGET_NAME)";
				SWIFT_VERSION = 4.0;
				TARGETED_DEVICE_FAMILY = "1,2";
				TEST_TARGET_NAME = FinalToDo;
			};
			name = Debug;
		};
		22F8BB5920E4BB09000B8184 /* Release */ = {
			isa = XCBuildConfiguration;
			buildSettings = {
				ALWAYS_EMBED_SWIFT_STANDARD_LIBRARIES = YES;
				CODE_SIGN_STYLE = Automatic;
				INFOPLIST_FILE = FinalToDoUITests/Info.plist;
				LD_RUNPATH_SEARCH_PATHS = (
					"$(inherited)",
					"@executable_path/Frameworks",
					"@loader_path/Frameworks",
				);
				PRODUCT_BUNDLE_IDENTIFIER = "-.FinalToDoUITests";
				PRODUCT_NAME = "$(TARGET_NAME)";
				SWIFT_VERSION = 4.0;
				TARGETED_DEVICE_FAMILY = "1,2";
				TEST_TARGET_NAME = FinalToDo;
			};
			name = Release;
		};
/* End XCBuildConfiguration section */

/* Begin XCConfigurationList section */
		22F8BB2420E4BB08000B8184 /* Build configuration list for PBXProject "FinalToDo" */ = {
			isa = XCConfigurationList;
			buildConfigurations = (
				22F8BB4F20E4BB09000B8184 /* Debug */,
				22F8BB5020E4BB09000B8184 /* Release */,
			);
			defaultConfigurationIsVisible = 0;
			defaultConfigurationName = Release;
		};
		22F8BB5120E4BB09000B8184 /* Build configuration list for PBXNativeTarget "FinalToDo" */ = {
			isa = XCConfigurationList;
			buildConfigurations = (
				22F8BB5220E4BB09000B8184 /* Debug */,
				22F8BB5320E4BB09000B8184 /* Release */,
			);
			defaultConfigurationIsVisible = 0;
			defaultConfigurationName = Release;
		};
		22F8BB5420E4BB09000B8184 /* Build configuration list for PBXNativeTarget "FinalToDoTests" */ = {
			isa = XCConfigurationList;
			buildConfigurations = (
				22F8BB5520E4BB09000B8184 /* Debug */,
				22F8BB5620E4BB09000B8184 /* Release */,
			);
			defaultConfigurationIsVisible = 0;
			defaultConfigurationName = Release;
		};
		22F8BB5720E4BB09000B8184 /* Build configuration list for PBXNativeTarget "FinalToDoUITests" */ = {
			isa = XCConfigurationList;
			buildConfigurations = (
				22F8BB5820E4BB09000B8184 /* Debug */,
				22F8BB5920E4BB09000B8184 /* Release */,
			);
			defaultConfigurationIsVisible = 0;
			defaultConfigurationName = Release;
		};
/* End XCConfigurationList section */
	};
	rootObject = 22F8BB2120E4BB08000B8184 /* Project object */;
}
