// !$*UTF8*$!
{
	archiveVersion = 1;
	classes = {
	};
	objectVersion = 50;
	objects = {

/* Begin PBXBuildFile section */
		22DBDC3E20E28E1E0077EDEE /* main.swift in Sources */ = {isa = PBXBuildFile; fileRef = 22DBDC3D20E28E1E0077EDEE /* main.swift */; };
		22DBDC4520E2B6F20077EDEE /* Product.swift in Sources */ = {isa = PBXBuildFile; fileRef = 22DBDC4420E2B6F20077EDEE /* Product.swift */; };
		22DBDC4720E2B76A0077EDEE /* Shop.swift in Sources */ = {isa = PBXBuildFile; fileRef = 22DBDC4620E2B76A0077EDEE /* Shop.swift */; };
		22DBDC4920E2B7BF0077EDEE /* User.swift in Sources */ = {isa = PBXBuildFile; fileRef = 22DBDC4820E2B7BF0077EDEE /* User.swift */; };
		22DBDC4D20E2B88F0077EDEE /* Cart.swift in Sources */ = {isa = PBXBuildFile; fileRef = 22DBDC4C20E2B88F0077EDEE /* Cart.swift */; };
/* End PBXBuildFile section */

/* Begin PBXCopyFilesBuildPhase section */
		22DBDC3820E28E1E0077EDEE /* CopyFiles */ = {
			isa = PBXCopyFilesBuildPhase;
			buildActionMask = 2147483647;
			dstPath = /usr/share/man/man1/;
			dstSubfolderSpec = 0;
			files = (
			);
			runOnlyForDeploymentPostprocessing = 1;
		};
/* End PBXCopyFilesBuildPhase section */

/* Begin PBXFileReference section */
		22DBDC3A20E28E1E0077EDEE /* ShopList2 */ = {isa = PBXFileReference; explicitFileType = "compiled.mach-o.executable"; includeInIndex = 0; path = ShopList2; sourceTree = BUILT_PRODUCTS_DIR; };
		22DBDC3D20E28E1E0077EDEE /* main.swift */ = {isa = PBXFileReference; lastKnownFileType = sourcecode.swift; path = main.swift; sourceTree = "<group>"; };
		22DBDC4420E2B6F20077EDEE /* Product.swift */ = {isa = PBXFileReference; lastKnownFileType = sourcecode.swift; path = Product.swift; sourceTree = "<group>"; };
		22DBDC4620E2B76A0077EDEE /* Shop.swift */ = {isa = PBXFileReference; lastKnownFileType = sourcecode.swift; path = Shop.swift; sourceTree = "<group>"; };
		22DBDC4820E2B7BF0077EDEE /* User.swift */ = {isa = PBXFileReference; lastKnownFileType = sourcecode.swift; path = User.swift; sourceTree = "<group>"; };
		22DBDC4C20E2B88F0077EDEE /* Cart.swift */ = {isa = PBXFileReference; lastKnownFileType = sourcecode.swift; path = Cart.swift; sourceTree = "<group>"; };
/* End PBXFileReference section */

/* Begin PBXFrameworksBuildPhase section */
		22DBDC3720E28E1E0077EDEE /* Frameworks */ = {
			isa = PBXFrameworksBuildPhase;
			buildActionMask = 2147483647;
			files = (
			);
			runOnlyForDeploymentPostprocessing = 0;
		};
/* End PBXFrameworksBuildPhase section */

/* Begin PBXGroup section */
		22DBDC3120E28E1E0077EDEE = {
			isa = PBXGroup;
			children = (
				22DBDC3C20E28E1E0077EDEE /* ShopList2 */,
				22DBDC3B20E28E1E0077EDEE /* Products */,
			);
			sourceTree = "<group>";
		};
		22DBDC3B20E28E1E0077EDEE /* Products */ = {
			isa = PBXGroup;
			children = (
				22DBDC3A20E28E1E0077EDEE /* ShopList2 */,
			);
			name = Products;
			sourceTree = "<group>";
		};
		22DBDC3C20E28E1E0077EDEE /* ShopList2 */ = {
			isa = PBXGroup;
			children = (
				22DBDC3D20E28E1E0077EDEE /* main.swift */,
				22DBDC4620E2B76A0077EDEE /* Shop.swift */,
				22DBDC4820E2B7BF0077EDEE /* User.swift */,
				22DBDC4420E2B6F20077EDEE /* Product.swift */,
				22DBDC4C20E2B88F0077EDEE /* Cart.swift */,
			);
			path = ShopList2;
			sourceTree = "<group>";
		};
/* End PBXGroup section */

/* Begin PBXNativeTarget section */
		22DBDC3920E28E1E0077EDEE /* ShopList2 */ = {
			isa = PBXNativeTarget;
			buildConfigurationList = 22DBDC4120E28E1E0077EDEE /* Build configuration list for PBXNativeTarget "ShopList2" */;
			buildPhases = (
				22DBDC3620E28E1E0077EDEE /* Sources */,
				22DBDC3720E28E1E0077EDEE /* Frameworks */,
				22DBDC3820E28E1E0077EDEE /* CopyFiles */,
			);
			buildRules = (
			);
			dependencies = (
			);
			name = ShopList2;
			productName = ShopList2;
			productReference = 22DBDC3A20E28E1E0077EDEE /* ShopList2 */;
			productType = "com.apple.product-type.tool";
		};
/* End PBXNativeTarget section */

/* Begin PBXProject section */
		22DBDC3220E28E1E0077EDEE /* Project object */ = {
			isa = PBXProject;
			attributes = {
				LastSwiftUpdateCheck = 0940;
				LastUpgradeCheck = 0940;
				ORGANIZATIONNAME = " Тима";
				TargetAttributes = {
					22DBDC3920E28E1E0077EDEE = {
						CreatedOnToolsVersion = 9.4.1;
					};
				};
			};
			buildConfigurationList = 22DBDC3520E28E1E0077EDEE /* Build configuration list for PBXProject "ShopList2" */;
			compatibilityVersion = "Xcode 9.3";
			developmentRegion = en;
			hasScannedForEncodings = 0;
			knownRegions = (
				en,
			);
			mainGroup = 22DBDC3120E28E1E0077EDEE;
			productRefGroup = 22DBDC3B20E28E1E0077EDEE /* Products */;
			projectDirPath = "";
			projectRoot = "";
			targets = (
				22DBDC3920E28E1E0077EDEE /* ShopList2 */,
			);
		};
/* End PBXProject section */

/* Begin PBXSourcesBuildPhase section */
		22DBDC3620E28E1E0077EDEE /* Sources */ = {
			isa = PBXSourcesBuildPhase;
			buildActionMask = 2147483647;
			files = (
				22DBDC4D20E2B88F0077EDEE /* Cart.swift in Sources */,
				22DBDC4920E2B7BF0077EDEE /* User.swift in Sources */,
				22DBDC4720E2B76A0077EDEE /* Shop.swift in Sources */,
				22DBDC3E20E28E1E0077EDEE /* main.swift in Sources */,
				22DBDC4520E2B6F20077EDEE /* Product.swift in Sources */,
			);
			runOnlyForDeploymentPostprocessing = 0;
		};
/* End PBXSourcesBuildPhase section */

/* Begin XCBuildConfiguration section */
		22DBDC3F20E28E1E0077EDEE /* Debug */ = {
			isa = XCBuildConfiguration;
			buildSettings = {
				ALWAYS_SEARCH_USER_PATHS = NO;
				CLANG_ANALYZER_NONNULL = YES;
				CLANG_ANALYZER_NUMBER_OBJECT_CONVERSION = YES_AGGRESSIVE;
				CLANG_CXX_LANGUAGE_STANDARD = "gnu++14";
				CLANG_CXX_LIBRARY = "libc++";
				CLANG_ENABLE_MODULES = YES;
				CLANG_ENABLE_OBJC_ARC = YES;
				CLANG_ENABLE_OBJC_WEAK = YES;
				CLANG_WARN_BLOCK_CAPTURE_AUTORELEASING = YES;
				CLANG_WARN_BOOL_CONVERSION = YES;
				CLANG_WARN_COMMA = YES;
				CLANG_WARN_CONSTANT_CONVERSION = YES;
				CLANG_WARN_DEPRECATED_OBJC_IMPLEMENTATIONS = YES;
				CLANG_WARN_DIRECT_OBJC_ISA_USAGE = YES_ERROR;
				CLANG_WARN_DOCUMENTATION_COMMENTS = YES;
				CLANG_WARN_EMPTY_BODY = YES;
				CLANG_WARN_ENUM_CONVERSION = YES;
				CLANG_WARN_INFINITE_RECURSION = YES;
				CLANG_WARN_INT_CONVERSION = YES;
				CLANG_WARN_NON_LITERAL_NULL_CONVERSION = YES;
				CLANG_WARN_OBJC_IMPLICIT_RETAIN_SELF = YES;
				CLANG_WARN_OBJC_LITERAL_CONVERSION = YES;
				CLANG_WARN_OBJC_ROOT_CLASS = YES_ERROR;
				CLANG_WARN_RANGE_LOOP_ANALYSIS = YES;
				CLANG_WARN_STRICT_PROTOTYPES = YES;
				CLANG_WARN_SUSPICIOUS_MOVE = YES;
				CLANG_WARN_UNGUARDED_AVAILABILITY = YES_AGGRESSIVE;
				CLANG_WARN_UNREACHABLE_CODE = YES;
				CLANG_WARN__DUPLICATE_METHOD_MATCH = YES;
				CODE_SIGN_IDENTITY = "-";
				COPY_PHASE_STRIP = NO;
				DEBUG_INFORMATION_FORMAT = dwarf;
				ENABLE_STRICT_OBJC_MSGSEND = YES;
				ENABLE_TESTABILITY = YES;
				GCC_C_LANGUAGE_STANDARD = gnu11;
				GCC_DYNAMIC_NO_PIC = NO;
				GCC_NO_COMMON_BLOCKS = YES;
				GCC_OPTIMIZATION_LEVEL = 0;
				GCC_PREPROCESSOR_DEFINITIONS = (
					"DEBUG=1",
					"$(inherited)",
				);
				GCC_WARN_64_TO_32_BIT_CONVERSION = YES;
				GCC_WARN_ABOUT_RETURN_TYPE = YES_ERROR;
				GCC_WARN_UNDECLARED_SELECTOR = YES;
				GCC_WARN_UNINITIALIZED_AUTOS = YES_AGGRESSIVE;
				GCC_WARN_UNUSED_FUNCTION = YES;
				GCC_WARN_UNUSED_VARIABLE = YES;
				MACOSX_DEPLOYMENT_TARGET = 10.13;
				MTL_ENABLE_DEBUG_INFO = YES;
				ONLY_ACTIVE_ARCH = YES;
				SDKROOT = macosx;
				SWIFT_ACTIVE_COMPILATION_CONDITIONS = DEBUG;
				SWIFT_OPTIMIZATION_LEVEL = "-Onone";
			};
			name = Debug;
		};
		22DBDC4020E28E1E0077EDEE /* Release */ = {
			isa = XCBuildConfiguration;
			buildSettings = {
				ALWAYS_SEARCH_USER_PATHS = NO;
				CLANG_ANALYZER_NONNULL = YES;
				CLANG_ANALYZER_NUMBER_OBJECT_CONVERSION = YES_AGGRESSIVE;
				CLANG_CXX_LANGUAGE_STANDARD = "gnu++14";
				CLANG_CXX_LIBRARY = "libc++";
				CLANG_ENABLE_MODULES = YES;
				CLANG_ENABLE_OBJC_ARC = YES;
				CLANG_ENABLE_OBJC_WEAK = YES;
				CLANG_WARN_BLOCK_CAPTURE_AUTORELEASING = YES;
				CLANG_WARN_BOOL_CONVERSION = YES;
				CLANG_WARN_COMMA = YES;
				CLANG_WARN_CONSTANT_CONVERSION = YES;
				CLANG_WARN_DEPRECATED_OBJC_IMPLEMENTATIONS = YES;
				CLANG_WARN_DIRECT_OBJC_ISA_USAGE = YES_ERROR;
				CLANG_WARN_DOCUMENTATION_COMMENTS = YES;
				CLANG_WARN_EMPTY_BODY = YES;
				CLANG_WARN_ENUM_CONVERSION = YES;
				CLANG_WARN_INFINITE_RECURSION = YES;
				CLANG_WARN_INT_CONVERSION = YES;
				CLANG_WARN_NON_LITERAL_NULL_CONVERSION = YES;
				CLANG_WARN_OBJC_IMPLICIT_RETAIN_SELF = YES;
				CLANG_WARN_OBJC_LITERAL_CONVERSION = YES;
				CLANG_WARN_OBJC_ROOT_CLASS = YES_ERROR;
				CLANG_WARN_RANGE_LOOP_ANALYSIS = YES;
				CLANG_WARN_STRICT_PROTOTYPES = YES;
				CLANG_WARN_SUSPICIOUS_MOVE = YES;
				CLANG_WARN_UNGUARDED_AVAILABILITY = YES_AGGRESSIVE;
				CLANG_WARN_UNREACHABLE_CODE = YES;
				CLANG_WARN__DUPLICATE_METHOD_MATCH = YES;
				CODE_SIGN_IDENTITY = "-";
				COPY_PHASE_STRIP = NO;
				DEBUG_INFORMATION_FORMAT = "dwarf-with-dsym";
				ENABLE_NS_ASSERTIONS = NO;
				ENABLE_STRICT_OBJC_MSGSEND = YES;
				GCC_C_LANGUAGE_STANDARD = gnu11;
				GCC_NO_COMMON_BLOCKS = YES;
				GCC_WARN_64_TO_32_BIT_CONVERSION = YES;
				GCC_WARN_ABOUT_RETURN_TYPE = YES_ERROR;
				GCC_WARN_UNDECLARED_SELECTOR = YES;
				GCC_WARN_UNINITIALIZED_AUTOS = YES_AGGRESSIVE;
				GCC_WARN_UNUSED_FUNCTION = YES;
				GCC_WARN_UNUSED_VARIABLE = YES;
				MACOSX_DEPLOYMENT_TARGET = 10.13;
				MTL_ENABLE_DEBUG_INFO = NO;
				SDKROOT = macosx;
				SWIFT_COMPILATION_MODE = wholemodule;
				SWIFT_OPTIMIZATION_LEVEL = "-O";
			};
			name = Release;
		};
		22DBDC4220E28E1E0077EDEE /* Debug */ = {
			isa = XCBuildConfiguration;
			buildSettings = {
				CODE_SIGN_STYLE = Automatic;
				PRODUCT_NAME = "$(TARGET_NAME)";
				SWIFT_VERSION = 4.0;
			};
			name = Debug;
		};
		22DBDC4320E28E1E0077EDEE /* Release */ = {
			isa = XCBuildConfiguration;
			buildSettings = {
				CODE_SIGN_STYLE = Automatic;
				PRODUCT_NAME = "$(TARGET_NAME)";
				SWIFT_VERSION = 4.0;
			};
			name = Release;
		};
/* End XCBuildConfiguration section */

/* Begin XCConfigurationList section */
		22DBDC3520E28E1E0077EDEE /* Build configuration list for PBXProject "ShopList2" */ = {
			isa = XCConfigurationList;
			buildConfigurations = (
				22DBDC3F20E28E1E0077EDEE /* Debug */,
				22DBDC4020E28E1E0077EDEE /* Release */,
			);
			defaultConfigurationIsVisible = 0;
			defaultConfigurationName = Release;
		};
		22DBDC4120E28E1E0077EDEE /* Build configuration list for PBXNativeTarget "ShopList2" */ = {
			isa = XCConfigurationList;
			buildConfigurations = (
				22DBDC4220E28E1E0077EDEE /* Debug */,
				22DBDC4320E28E1E0077EDEE /* Release */,
			);
			defaultConfigurationIsVisible = 0;
			defaultConfigurationName = Release;
		};
/* End XCConfigurationList section */
	};
	rootObject = 22DBDC3220E28E1E0077EDEE /* Project object */;
}
